
Microsoft Visual Studio Solution File, Format Version 12.00
# Visual Studio Version 16
VisualStudioVersion = 16.0.30517.126
MinimumVisualStudioVersion = 10.0.40219.1
Project("{FAE04EC0-301F-11D3-BF4B-00C04F79EFBC}") = "RecipeDB", "RecipeDB\RecipeDB.csproj", "{B0E64C6D-1931-438E-9BF7-F1CE6013A766}"
EndProject
Global
	GlobalSection(SolutionConfigurationPlatforms) = preSolution
		Debug|Any CPU = Debug|Any CPU
		Release|Any CPU = Release|Any CPU
	EndGlobalSection
	GlobalSection(ProjectConfigurationPlatforms) = postSolution
		{B0E64C6D-1931-438E-9BF7-F1CE6013A766}.Debug|Any CPU.ActiveCfg = Debug|Any CPU
		{B0E64C6D-1931-438E-9BF7-F1CE6013A766}.Debug|Any CPU.Build.0 = Debug|Any CPU
		{B0E64C6D-1931-438E-9BF7-F1CE6013A766}.Release|Any CPU.ActiveCfg = Release|Any CPU
		{B0E64C6D-1931-438E-9BF7-F1CE6013A766}.Release|Any CPU.Build.0 = Release|Any CPU
	EndGlobalSection
	GlobalSection(SolutionProperties) = preSolution
		HideSolutionNode = FALSE
	EndGlobalSection
	GlobalSection(ExtensibilityGlobals) = postSolution
		SolutionGuid = {CBC900D9-1D7D-453E-866F-E782BB4E357F}
	EndGlobalSection
EndGlobal
